// !$*UTF8*$!
{
	archiveVersion = 1;
	classes = {
	};
	objectVersion = 51;
	objects = {

/* Begin PBXBuildFile section */
		41B6D50E249F8CC700140E29 /* AppDelegate.m in Sources */ = {isa = PBXBuildFile; fileRef = 41B6D50D249F8CC700140E29 /* AppDelegate.m */; };
		41B6D519249F8CCA00140E29 /* Assets.xcassets in Resources */ = {isa = PBXBuildFile; fileRef = 41B6D518249F8CCA00140E29 /* Assets.xcassets */; };
		41B6D51C249F8CCA00140E29 /* LaunchScreen.storyboard in Resources */ = {isa = PBXBuildFile; fileRef = 41B6D51A249F8CCA00140E29 /* LaunchScreen.storyboard */; };
		41B6D51F249F8CCA00140E29 /* main.m in Sources */ = {isa = PBXBuildFile; fileRef = 41B6D51E249F8CCA00140E29 /* main.m */; };
		41B6D528249F8D5000140E29 /* TKWaterFallFlowLayout.m in Sources */ = {isa = PBXBuildFile; fileRef = 41B6D526249F8D5000140E29 /* TKWaterFallFlowLayout.m */; };
		41B6D52B249F8D9300140E29 /* ViewController.m in Sources */ = {isa = PBXBuildFile; fileRef = 41B6D52A249F8D9300140E29 /* ViewController.m */; };
		41B6D52F249F8DAE00140E29 /* FPSLabel.m in Sources */ = {isa = PBXBuildFile; fileRef = 41B6D52E249F8DAE00140E29 /* FPSLabel.m */; };
		41B6D532249F8E4100140E29 /* TKCollectionViewCell.m in Sources */ = {isa = PBXBuildFile; fileRef = 41B6D531249F8E4100140E29 /* TKCollectionViewCell.m */; };
		E0642956F751A2755CE08785 /* Pods_WaterFallFlowLayout.framework in Frameworks */ = {isa = PBXBuildFile; fileRef = F32645681607F508EAF2B25C /* Pods_WaterFallFlowLayout.framework */; };
/* End PBXBuildFile section */

/* Begin PBXFileReference section */
		41B6D509249F8CC700140E29 /* WaterFallFlowLayout.app */ = {isa = PBXFileReference; explicitFileType = wrapper.application; includeInIndex = 0; path = WaterFallFlowLayout.app; sourceTree = BUILT_PRODUCTS_DIR; };
		41B6D50C249F8CC700140E29 /* AppDelegate.h */ = {isa = PBXFileReference; lastKnownFileType = sourcecode.c.h; path = AppDelegate.h; sourceTree = "<group>"; };
		41B6D50D249F8CC700140E29 /* AppDelegate.m */ = {isa = PBXFileReference; lastKnownFileType = sourcecode.c.objc; path = AppDelegate.m; sourceTree = "<group>"; };
		41B6D518249F8CCA00140E29 /* Assets.xcassets */ = {isa = PBXFileReference; lastKnownFileType = folder.assetcatalog; path = Assets.xcassets; sourceTree = "<group>"; };
		41B6D51B249F8CCA00140E29 /* Base */ = {isa = PBXFileReference; lastKnownFileType = file.storyboard; name = Base; path = Base.lproj/LaunchScreen.storyboard; sourceTree = "<group>"; };
		41B6D51D249F8CCA00140E29 /* Info.plist */ = {isa = PBXFileReference; lastKnownFileType = text.plist.xml; path = Info.plist; sourceTree = "<group>"; };
		41B6D51E249F8CCA00140E29 /* main.m */ = {isa = PBXFileReference; lastKnownFileType = sourcecode.c.objc; path = main.m; sourceTree = "<group>"; };
		41B6D526249F8D5000140E29 /* TKWaterFallFlowLayout.m */ = {isa = PBXFileReference; fileEncoding = 4; lastKnownFileType = sourcecode.c.objc; path = TKWaterFallFlowLayout.m; sourceTree = "<group>"; };
		41B6D527249F8D5000140E29 /* TKWaterFallFlowLayout.h */ = {isa = PBXFileReference; fileEncoding = 4; lastKnownFileType = sourcecode.c.h; path = TKWaterFallFlowLayout.h; sourceTree = "<group>"; };
		41B6D529249F8D9300140E29 /* ViewController.h */ = {isa = PBXFileReference; fileEncoding = 4; lastKnownFileType = sourcecode.c.h; path = ViewController.h; sourceTree = "<group>"; };
		41B6D52A249F8D9300140E29 /* ViewController.m */ = {isa = PBXFileReference; fileEncoding = 4; lastKnownFileType = sourcecode.c.objc; path = ViewController.m; sourceTree = "<group>"; };
		41B6D52D249F8DAE00140E29 /* FPSLabel.h */ = {isa = PBXFileReference; fileEncoding = 4; lastKnownFileType = sourcecode.c.h; path = FPSLabel.h; sourceTree = "<group>"; };
		41B6D52E249F8DAE00140E29 /* FPSLabel.m */ = {isa = PBXFileReference; fileEncoding = 4; lastKnownFileType = sourcecode.c.objc; path = FPSLabel.m; sourceTree = "<group>"; };
		41B6D530249F8E4100140E29 /* TKCollectionViewCell.h */ = {isa = PBXFileReference; fileEncoding = 4; lastKnownFileType = sourcecode.c.h; path = TKCollectionViewCell.h; sourceTree = "<group>"; };
		41B6D531249F8E4100140E29 /* TKCollectionViewCell.m */ = {isa = PBXFileReference; fileEncoding = 4; lastKnownFileType = sourcecode.c.objc; path = TKCollectionViewCell.m; sourceTree = "<group>"; };
		C348C3A6F7C0BD900719153B /* Pods-WaterFallFlowLayout.release.xcconfig */ = {isa = PBXFileReference; includeInIndex = 1; lastKnownFileType = text.xcconfig; name = "Pods-WaterFallFlowLayout.release.xcconfig"; path = "Target Support Files/Pods-WaterFallFlowLayout/Pods-WaterFallFlowLayout.release.xcconfig"; sourceTree = "<group>"; };
		F32645681607F508EAF2B25C /* Pods_WaterFallFlowLayout.framework */ = {isa = PBXFileReference; explicitFileType = wrapper.framework; includeInIndex = 0; path = Pods_WaterFallFlowLayout.framework; sourceTree = BUILT_PRODUCTS_DIR; };
		F7EC4410B0E4C3FA78500674 /* Pods-WaterFallFlowLayout.debug.xcconfig */ = {isa = PBXFileReference; includeInIndex = 1; lastKnownFileType = text.xcconfig; name = "Pods-WaterFallFlowLayout.debug.xcconfig"; path = "Target Support Files/Pods-WaterFallFlowLayout/Pods-WaterFallFlowLayout.debug.xcconfig"; sourceTree = "<group>"; };
/* End PBXFileReference section */

/* Begin PBXFrameworksBuildPhase section */
		41B6D506249F8CC700140E29 /* Frameworks */ = {
			isa = PBXFrameworksBuildPhase;
			buildActionMask = 2147483647;
			files = (
				E0642956F751A2755CE08785 /* Pods_WaterFallFlowLayout.framework in Frameworks */,
			);
			runOnlyForDeploymentPostprocessing = 0;
		};
/* End PBXFrameworksBuildPhase section */

/* Begin PBXGroup section */
		2CF6181C6B9671A15144805F /* Pods */ = {
			isa = PBXGroup;
			children = (
				F7EC4410B0E4C3FA78500674 /* Pods-WaterFallFlowLayout.debug.xcconfig */,
				C348C3A6F7C0BD900719153B /* Pods-WaterFallFlowLayout.release.xcconfig */,
			);
			path = Pods;
			sourceTree = "<group>";
		};
		2D26D691A9D3F460B2F27B7E /* Frameworks */ = {
			isa = PBXGroup;
			children = (
				F32645681607F508EAF2B25C /* Pods_WaterFallFlowLayout.framework */,
			);
			name = Frameworks;
			sourceTree = "<group>";
		};
		41B6D500249F8CC700140E29 = {
			isa = PBXGroup;
			children = (
				41B6D50B249F8CC700140E29 /* WaterFallFlowLayout */,
				41B6D50A249F8CC700140E29 /* Products */,
				2CF6181C6B9671A15144805F /* Pods */,
				2D26D691A9D3F460B2F27B7E /* Frameworks */,
			);
			sourceTree = "<group>";
		};
		41B6D50A249F8CC700140E29 /* Products */ = {
			isa = PBXGroup;
			children = (
				41B6D509249F8CC700140E29 /* WaterFallFlowLayout.app */,
			);
			name = Products;
			sourceTree = "<group>";
		};
		41B6D50B249F8CC700140E29 /* WaterFallFlowLayout */ = {
			isa = PBXGroup;
			children = (
				41B6D52C249F8DAE00140E29 /* FPSLabel */,
				41B6D525249F8D3600140E29 /* WaterFallFlowLayout */,
				41B6D50C249F8CC700140E29 /* AppDelegate.h */,
				41B6D50D249F8CC700140E29 /* AppDelegate.m */,
				41B6D529249F8D9300140E29 /* ViewController.h */,
				41B6D52A249F8D9300140E29 /* ViewController.m */,
				41B6D530249F8E4100140E29 /* TKCollectionViewCell.h */,
				41B6D531249F8E4100140E29 /* TKCollectionViewCell.m */,
				41B6D518249F8CCA00140E29 /* Assets.xcassets */,
				41B6D51A249F8CCA00140E29 /* LaunchScreen.storyboard */,
				41B6D51D249F8CCA00140E29 /* Info.plist */,
				41B6D51E249F8CCA00140E29 /* main.m */,
			);
			path = WaterFallFlowLayout;
			sourceTree = "<group>";
		};
		41B6D525249F8D3600140E29 /* WaterFallFlowLayout */ = {
			isa = PBXGroup;
			children = (
				41B6D527249F8D5000140E29 /* TKWaterFallFlowLayout.h */,
				41B6D526249F8D5000140E29 /* TKWaterFallFlowLayout.m */,
			);
			path = WaterFallFlowLayout;
			sourceTree = "<group>";
		};
		41B6D52C249F8DAE00140E29 /* FPSLabel */ = {
			isa = PBXGroup;
			children = (
				41B6D52D249F8DAE00140E29 /* FPSLabel.h */,
				41B6D52E249F8DAE00140E29 /* FPSLabel.m */,
			);
			path = FPSLabel;
			sourceTree = "<group>";
		};
/* End PBXGroup section */

/* Begin PBXNativeTarget section */
		41B6D508249F8CC700140E29 /* WaterFallFlowLayout */ = {
			isa = PBXNativeTarget;
			buildConfigurationList = 41B6D522249F8CCA00140E29 /* Build configuration list for PBXNativeTarget "WaterFallFlowLayout" */;
			buildPhases = (
				C810D305479BC29619006051 /* [CP] Check Pods Manifest.lock */,
				41B6D505249F8CC700140E29 /* Sources */,
				41B6D506249F8CC700140E29 /* Frameworks */,
				41B6D507249F8CC700140E29 /* Resources */,
				7D8441B2FCE2F8C7303D346D /* [CP] Embed Pods Frameworks */,
			);
			buildRules = (
			);
			dependencies = (
			);
			name = WaterFallFlowLayout;
			productName = WaterFallFlowLayout;
			productReference = 41B6D509249F8CC700140E29 /* WaterFallFlowLayout.app */;
			productType = "com.apple.product-type.application";
		};
/* End PBXNativeTarget section */

/* Begin PBXProject section */
		41B6D501249F8CC700140E29 /* Project object */ = {
			isa = PBXProject;
			attributes = {
				LastUpgradeCheck = 1130;
				TargetAttributes = {
					41B6D508249F8CC700140E29 = {
						CreatedOnToolsVersion = 11.3.1;
					};
				};
			};
			buildConfigurationList = 41B6D504249F8CC700140E29 /* Build configuration list for PBXProject "WaterFallFlowLayout" */;
			compatibilityVersion = "Xcode 9.3";
			developmentRegion = en;
			hasScannedForEncodings = 0;
			knownRegions = (
				en,
				Base,
			);
			mainGroup = 41B6D500249F8CC700140E29;
			productRefGroup = 41B6D50A249F8CC700140E29 /* Products */;
			projectDirPath = "";
			projectRoot = "";
			targets = (
				41B6D508249F8CC700140E29 /* WaterFallFlowLayout */,
			);
		};
/* End PBXProject section */

/* Begin PBXResourcesBuildPhase section */
		41B6D507249F8CC700140E29 /* Resources */ = {
			isa = PBXResourcesBuildPhase;
			buildActionMask = 2147483647;
			files = (
				41B6D51C249F8CCA00140E29 /* LaunchScreen.storyboard in Resources */,
				41B6D519249F8CCA00140E29 /* Assets.xcassets in Resources */,
			);
			runOnlyForDeploymentPostprocessing = 0;
		};
/* End PBXResourcesBuildPhase section */

/* Begin PBXShellScriptBuildPhase section */
		7D8441B2FCE2F8C7303D346D /* [CP] Embed Pods Frameworks */ = {
			isa = PBXShellScriptBuildPhase;
			buildActionMask = 2147483647;
			files = (
			);
			inputFileListPaths = (
				"${PODS_ROOT}/Target Support Files/Pods-WaterFallFlowLayout/Pods-WaterFallFlowLayout-frameworks-${CONFIGURATION}-input-files.xcfilelist",
			);
			name = "[CP] Embed Pods Frameworks";
			outputFileListPaths = (
				"${PODS_ROOT}/Target Support Files/Pods-WaterFallFlowLayout/Pods-WaterFallFlowLayout-frameworks-${CONFIGURATION}-output-files.xcfilelist",
			);
			runOnlyForDeploymentPostprocessing = 0;
			shellPath = /bin/sh;
			shellScript = "\"${PODS_ROOT}/Target Support Files/Pods-WaterFallFlowLayout/Pods-WaterFallFlowLayout-frameworks.sh\"\n";
			showEnvVarsInLog = 0;
		};
		C810D305479BC29619006051 /* [CP] Check Pods Manifest.lock */ = {
			isa = PBXShellScriptBuildPhase;
			buildActionMask = 2147483647;
			files = (
			);
			inputFileListPaths = (
			);
			inputPaths = (
				"${PODS_PODFILE_DIR_PATH}/Podfile.lock",
				"${PODS_ROOT}/Manifest.lock",
			);
			name = "[CP] Check Pods Manifest.lock";
			outputFileListPaths = (
			);
			outputPaths = (
				"$(DERIVED_FILE_DIR)/Pods-WaterFallFlowLayout-checkManifestLockResult.txt",
			);
			runOnlyForDeploymentPostprocessing = 0;
			shellPath = /bin/sh;
			shellScript = "diff \"${PODS_PODFILE_DIR_PATH}/Podfile.lock\" \"${PODS_ROOT}/Manifest.lock\" > /dev/null\nif [ $? != 0 ] ; then\n    # print error to STDERR\n    echo \"error: The sandbox is not in sync with the Podfile.lock. Run 'pod install' or update your CocoaPods installation.\" >&2\n    exit 1\nfi\n# This output is used by Xcode 'outputs' to avoid re-running this script phase.\necho \"SUCCESS\" > \"${SCRIPT_OUTPUT_FILE_0}\"\n";
			showEnvVarsInLog = 0;
		};
/* End PBXShellScriptBuildPhase section */

/* Begin PBXSourcesBuildPhase section */
		41B6D505249F8CC700140E29 /* Sources */ = {
			isa = PBXSourcesBuildPhase;
			buildActionMask = 2147483647;
			files = (
				41B6D528249F8D5000140E29 /* TKWaterFallFlowLayout.m in Sources */,
				41B6D532249F8E4100140E29 /* TKCollectionViewCell.m in Sources */,
				41B6D52F249F8DAE00140E29 /* FPSLabel.m in Sources */,
				41B6D50E249F8CC700140E29 /* AppDelegate.m in Sources */,
				41B6D52B249F8D9300140E29 /* ViewController.m in Sources */,
				41B6D51F249F8CCA00140E29 /* main.m in Sources */,
			);
			runOnlyForDeploymentPostprocessing = 0;
		};
/* End PBXSourcesBuildPhase section */

/* Begin PBXVariantGroup section */
		41B6D51A249F8CCA00140E29 /* LaunchScreen.storyboard */ = {
			isa = PBXVariantGroup;
			children = (
				41B6D51B249F8CCA00140E29 /* Base */,
			);
			name = LaunchScreen.storyboard;
			sourceTree = "<group>";
		};
/* End PBXVariantGroup section */

/* Begin XCBuildConfiguration section */
		41B6D520249F8CCA00140E29 /* Debug */ = {
			isa = XCBuildConfiguration;
			buildSettings = {
				ALWAYS_SEARCH_USER_PATHS = NO;
				CLANG_ANALYZER_NONNULL = YES;
				CLANG_ANALYZER_NUMBER_OBJECT_CONVERSION = YES_AGGRESSIVE;
				CLANG_CXX_LANGUAGE_STANDARD = "gnu++14";
				CLANG_CXX_LIBRARY = "libc++";
				CLANG_ENABLE_MODULES = YES;
				CLANG_ENABLE_OBJC_ARC = YES;
				CLANG_ENABLE_OBJC_WEAK = YES;
				CLANG_WARN_BLOCK_CAPTURE_AUTORELEASING = YES;
				CLANG_WARN_BOOL_CONVERSION = YES;
				CLANG_WARN_COMMA = YES;
				CLANG_WARN_CONSTANT_CONVERSION = YES;
				CLANG_WARN_DEPRECATED_OBJC_IMPLEMENTATIONS = YES;
				CLANG_WARN_DIRECT_OBJC_ISA_USAGE = YES_ERROR;
				CLANG_WARN_DOCUMENTATION_COMMENTS = YES;
				CLANG_WARN_EMPTY_BODY = YES;
				CLANG_WARN_ENUM_CONVERSION = YES;
				CLANG_WARN_INFINITE_RECURSION = YES;
				CLANG_WARN_INT_CONVERSION = YES;
				CLANG_WARN_NON_LITERAL_NULL_CONVERSION = YES;
				CLANG_WARN_OBJC_IMPLICIT_RETAIN_SELF = YES;
				CLANG_WARN_OBJC_LITERAL_CONVERSION = YES;
				CLANG_WARN_OBJC_ROOT_CLASS = YES_ERROR;
				CLANG_WARN_RANGE_LOOP_ANALYSIS = YES;
				CLANG_WARN_STRICT_PROTOTYPES = YES;
				CLANG_WARN_SUSPICIOUS_MOVE = YES;
				CLANG_WARN_UNGUARDED_AVAILABILITY = YES_AGGRESSIVE;
				CLANG_WARN_UNREACHABLE_CODE = YES;
				CLANG_WARN__DUPLICATE_METHOD_MATCH = YES;
				COPY_PHASE_STRIP = NO;
				DEBUG_INFORMATION_FORMAT = dwarf;
				ENABLE_STRICT_OBJC_MSGSEND = YES;
				ENABLE_TESTABILITY = YES;
				GCC_C_LANGUAGE_STANDARD = gnu11;
				GCC_DYNAMIC_NO_PIC = NO;
				GCC_NO_COMMON_BLOCKS = YES;
				GCC_OPTIMIZATION_LEVEL = 0;
				GCC_PREPROCESSOR_DEFINITIONS = (
					"DEBUG=1",
					"$(inherited)",
				);
				GCC_WARN_64_TO_32_BIT_CONVERSION = YES;
				GCC_WARN_ABOUT_RETURN_TYPE = YES_ERROR;
				GCC_WARN_UNDECLARED_SELECTOR = YES;
				GCC_WARN_UNINITIALIZED_AUTOS = YES_AGGRESSIVE;
				GCC_WARN_UNUSED_FUNCTION = YES;
				GCC_WARN_UNUSED_VARIABLE = YES;
				IPHONEOS_DEPLOYMENT_TARGET = 13.2;
				MTL_ENABLE_DEBUG_INFO = INCLUDE_SOURCE;
				MTL_FAST_MATH = YES;
				ONLY_ACTIVE_ARCH = YES;
				SDKROOT = iphoneos;
			};
			name = Debug;
		};
		41B6D521249F8CCA00140E29 /* Release */ = {
			isa = XCBuildConfiguration;
			buildSettings = {
				ALWAYS_SEARCH_USER_PATHS = NO;
				CLANG_ANALYZER_NONNULL = YES;
				CLANG_ANALYZER_NUMBER_OBJECT_CONVERSION = YES_AGGRESSIVE;
				CLANG_CXX_LANGUAGE_STANDARD = "gnu++14";
				CLANG_CXX_LIBRARY = "libc++";
				CLANG_ENABLE_MODULES = YES;
				CLANG_ENABLE_OBJC_ARC = YES;
				CLANG_ENABLE_OBJC_WEAK = YES;
				CLANG_WARN_BLOCK_CAPTURE_AUTORELEASING = YES;
				CLANG_WARN_BOOL_CONVERSION = YES;
				CLANG_WARN_COMMA = YES;
				CLANG_WARN_CONSTANT_CONVERSION = YES;
				CLANG_WARN_DEPRECATED_OBJC_IMPLEMENTATIONS = YES;
				CLANG_WARN_DIRECT_OBJC_ISA_USAGE = YES_ERROR;
				CLANG_WARN_DOCUMENTATION_COMMENTS = YES;
				CLANG_WARN_EMPTY_BODY = YES;
				CLANG_WARN_ENUM_CONVERSION = YES;
				CLANG_WARN_INFINITE_RECURSION = YES;
				CLANG_WARN_INT_CONVERSION = YES;
				CLANG_WARN_NON_LITERAL_NULL_CONVERSION = YES;
				CLANG_WARN_OBJC_IMPLICIT_RETAIN_SELF = YES;
				CLANG_WARN_OBJC_LITERAL_CONVERSION = YES;
				CLANG_WARN_OBJC_ROOT_CLASS = YES_ERROR;
				CLANG_WARN_RANGE_LOOP_ANALYSIS = YES;
				CLANG_WARN_STRICT_PROTOTYPES = YES;
				CLANG_WARN_SUSPICIOUS_MOVE = YES;
				CLANG_WARN_UNGUARDED_AVAILABILITY = YES_AGGRESSIVE;
				CLANG_WARN_UNREACHABLE_CODE = YES;
				CLANG_WARN__DUPLICATE_METHOD_MATCH = YES;
				COPY_PHASE_STRIP = NO;
				DEBUG_INFORMATION_FORMAT = "dwarf-with-dsym";
				ENABLE_NS_ASSERTIONS = NO;
				ENABLE_STRICT_OBJC_MSGSEND = YES;
				GCC_C_LANGUAGE_STANDARD = gnu11;
				GCC_NO_COMMON_BLOCKS = YES;
				GCC_WARN_64_TO_32_BIT_CONVERSION = YES;
				GCC_WARN_ABOUT_RETURN_TYPE = YES_ERROR;
				GCC_WARN_UNDECLARED_SELECTOR = YES;
				GCC_WARN_UNINITIALIZED_AUTOS = YES_AGGRESSIVE;
				GCC_WARN_UNUSED_FUNCTION = YES;
				GCC_WARN_UNUSED_VARIABLE = YES;
				IPHONEOS_DEPLOYMENT_TARGET = 13.2;
				MTL_ENABLE_DEBUG_INFO = NO;
				MTL_FAST_MATH = YES;
				SDKROOT = iphoneos;
				VALIDATE_PRODUCT = YES;
			};
			name = Release;
		};
		41B6D523249F8CCA00140E29 /* Debug */ = {
			isa = XCBuildConfiguration;
			baseConfigurationReference = F7EC4410B0E4C3FA78500674 /* Pods-WaterFallFlowLayout.debug.xcconfig */;
			buildSettings = {
				ASSETCATALOG_COMPILER_APPICON_NAME = AppIcon;
				CODE_SIGN_STYLE = Automatic;
				INFOPLIST_FILE = WaterFallFlowLayout/Info.plist;
				IPHONEOS_DEPLOYMENT_TARGET = 9.0;
				LD_RUNPATH_SEARCH_PATHS = (
					"$(inherited)",
					"@executable_path/Frameworks",
				);
				PRODUCT_BUNDLE_IDENTIFIER = com.tank.WaterFallFlowLayout;
				PRODUCT_NAME = "$(TARGET_NAME)";
				TARGETED_DEVICE_FAMILY = "1,2";
			};
			name = Debug;
		};
		41B6D524249F8CCA00140E29 /* Release */ = {
			isa = XCBuildConfiguration;
			baseConfigurationReference = C348C3A6F7C0BD900719153B /* Pods-WaterFallFlowLayout.release.xcconfig */;
			buildSettings = {
				ASSETCATALOG_COMPILER_APPICON_NAME = AppIcon;
				CODE_SIGN_STYLE = Automatic;
				INFOPLIST_FILE = WaterFallFlowLayout/Info.plist;
				IPHONEOS_DEPLOYMENT_TARGET = 9.0;
				LD_RUNPATH_SEARCH_PATHS = (
					"$(inherited)",
					"@executable_path/Frameworks",
				);
				PRODUCT_BUNDLE_IDENTIFIER = com.tank.WaterFallFlowLayout;
				PRODUCT_NAME = "$(TARGET_NAME)";
				TARGETED_DEVICE_FAMILY = "1,2";
			};
			name = Release;
		};
/* End XCBuildConfiguration section */

/* Begin XCConfigurationList section */
		41B6D504249F8CC700140E29 /* Build configuration list for PBXProject "WaterFallFlowLayout" */ = {
			isa = XCConfigurationList;
			buildConfigurations = (
				41B6D520249F8CCA00140E29 /* Debug */,
				41B6D521249F8CCA00140E29 /* Release */,
			);
			defaultConfigurationIsVisible = 0;
			defaultConfigurationName = Release;
		};
		41B6D522249F8CCA00140E29 /* Build configuration list for PBXNativeTarget "WaterFallFlowLayout" */ = {
			isa = XCConfigurationList;
			buildConfigurations = (
				41B6D523249F8CCA00140E29 /* Debug */,
				41B6D524249F8CCA00140E29 /* Release */,
			);
			defaultConfigurationIsVisible = 0;
			defaultConfigurationName = Release;
		};
/* End XCConfigurationList section */
	};
	rootObject = 41B6D501249F8CC700140E29 /* Project object */;
}
